PODS:
  - Cosmos (23.0.0)
  - DateToolsSwift (5.0.0)
  - FlagPhoneNumber (0.8.0):
    - FlagPhoneNumber/libPhoneNumberiOS (= 0.8.0)
  - FlagPhoneNumber/libPhoneNumberiOS (0.8.0)
  - InputBarAccessoryView (5.3.0):
    - InputBarAccessoryView/Core (= 5.3.0)
  - InputBarAccessoryView/Core (5.3.0)
  - MessageKit (3.5.1):
    - InputBarAccessoryView (~> 5.3.0)
  - SVPinView (1.0.11)
  - SwiftGen (6.4.0)
  - "UITextView+Placeholder (1.4.0)"

DEPENDENCIES:
  - Cosmos
  - DateToolsSwift
  - FlagPhoneNumber (from `https://github.com/rahimkhalid/FlagPhoneNumber.git`, branch `UI-Fixes`)
  - MessageKit
  - SVPinView
  - SwiftGen
  - "UITextView+Placeholder"

SPEC REPOS:
  trunk:
    - Cosmos
    - DateToolsSwift
    - InputBarAccessoryView
    - MessageKit
    - SVPinView
    - SwiftGen
    - "UITextView+Placeholder"

EXTERNAL SOURCES:
  FlagPhoneNumber:
    :branch: UI-Fixes
    :git: https://github.com/rahimkhalid/FlagPhoneNumber.git

CHECKOUT OPTIONS:
  FlagPhoneNumber:
    :commit: f03d1ab9527958b937c0c2255c3f97b8d215e835
    :git: https://github.com/rahimkhalid/FlagPhoneNumber.git

SPEC CHECKSUMS:
  Cosmos: b5c6a9a637e28a061b54c8f8b1d8529d7d4db73f
  DateToolsSwift: 4207ada6ad615d8dc076323d27037c94916dbfa6
  FlagPhoneNumber: 3712455b95f66cb0f2016fef7d9e34cddf8c7f9a
  InputBarAccessoryView: 1638fc3336698eaead9cd83ff2da6c6218fcb6bc
  MessageKit: 6a15a240a9a4767279de542a8fae861e83d8aedc
  SVPinView: 9b538d0ba68cdb092afe4f0f67ec84cbed079466
  SwiftGen: 67860cc7c3cfc2ed25b9b74cfd55495fc89f9108
  "UITextView+Placeholder": d7b0c400921f66523f3a85d74f774512e14f6502

PODFILE CHECKSUM: b429daf0fd209d0bc9f19e9778edec137147826b

COCOAPODS: 1.10.0
